
Microsoft Visual Studio Solution File, Format Version 12.00
# Visual Studio Version 17
VisualStudioVersion = 17.5.002.0
MinimumVisualStudioVersion = 10.0.40219.1
Project("{2150E333-8FDC-42A3-9474-1A3956D46DE8}") = "serviceio", "serviceio", "{6E7B97E8-7E3D-4EE1-B631-F91F679241FE}"
EndProject
Project("{9A19103F-16F7-4668-BE54-9A1E7A4F7556}") = "DotNet.Docker", "serviceio\App\DotNet.Docker.csproj", "{910DBB82-9236-41EE-BAD2-B83D142A8A2E}"
EndProject
Global
	GlobalSection(SolutionConfigurationPlatforms) = preSolution
		Debug|Any CPU = Debug|Any CPU
		Release|Any CPU = Release|Any CPU
	EndGlobalSection
	GlobalSection(ProjectConfigurationPlatforms) = postSolution
		{910DBB82-9236-41EE-BAD2-B83D142A8A2E}.Debug|Any CPU.ActiveCfg = Debug|Any CPU
		{910DBB82-9236-41EE-BAD2-B83D142A8A2E}.Debug|Any CPU.Build.0 = Debug|Any CPU
		{910DBB82-9236-41EE-BAD2-B83D142A8A2E}.Release|Any CPU.ActiveCfg = Release|Any CPU
		{910DBB82-9236-41EE-BAD2-B83D142A8A2E}.Release|Any CPU.Build.0 = Release|Any CPU
	EndGlobalSection
	GlobalSection(SolutionProperties) = preSolution
		HideSolutionNode = FALSE
	EndGlobalSection
	GlobalSection(NestedProjects) = preSolution
		{910DBB82-9236-41EE-BAD2-B83D142A8A2E} = {6E7B97E8-7E3D-4EE1-B631-F91F679241FE}
	EndGlobalSection
	GlobalSection(ExtensibilityGlobals) = postSolution
		SolutionGuid = {CB838AF1-91BD-4913-A5F8-2DC991259973}
	EndGlobalSection
EndGlobal
