
Microsoft Visual Studio Solution File, Format Version 12.00
# Visual Studio Version 17
VisualStudioVersion = 17.5.002.0
MinimumVisualStudioVersion = 10.0.40219.1
Project("{9A19103F-16F7-4668-BE54-9A1E7A4F7556}") = "serviceio", "serviceio\serviceio.csproj", "{A07B7325-CF41-4DCA-A07A-AA7734595787}"
EndProject
Global
	GlobalSection(SolutionConfigurationPlatforms) = preSolution
		Debug|Any CPU = Debug|Any CPU
		Release|Any CPU = Release|Any CPU
	EndGlobalSection
	GlobalSection(ProjectConfigurationPlatforms) = postSolution
		{A07B7325-CF41-4DCA-A07A-AA7734595787}.Debug|Any CPU.ActiveCfg = Debug|Any CPU
		{A07B7325-CF41-4DCA-A07A-AA7734595787}.Debug|Any CPU.Build.0 = Debug|Any CPU
		{A07B7325-CF41-4DCA-A07A-AA7734595787}.Release|Any CPU.ActiveCfg = Release|Any CPU
		{A07B7325-CF41-4DCA-A07A-AA7734595787}.Release|Any CPU.Build.0 = Release|Any CPU
	EndGlobalSection
	GlobalSection(SolutionProperties) = preSolution
		HideSolutionNode = FALSE
	EndGlobalSection
	GlobalSection(ExtensibilityGlobals) = postSolution
		SolutionGuid = {544066C2-CDB5-4150-832A-F257DE5A0196}
	EndGlobalSection
EndGlobal
